
Microsoft Visual Studio Solution File, Format Version 12.00
# Visual Studio 15
Project("{FAE04EC0-301F-11D3-BF4B-00C04F79EFBC}") = "Assembly-CSharp", "Assembly-CSharp.csproj", "{A29D7CEB-F35F-078C-9DB7-0DAE6BF4F4F4}"
EndProject
Project("{FAE04EC0-301F-11D3-BF4B-00C04F79EFBC}") = "RoadArchitect", "RoadArchitect.csproj", "{2DE480E8-CD0D-01B8-A61F-DC4C4E71420B}"
EndProject
Project("{FAE04EC0-301F-11D3-BF4B-00C04F79EFBC}") = "Assembly-CSharp-Editor", "Assembly-CSharp-Editor.csproj", "{045529B9-0BE7-CB2A-1626-21746B049555}"
EndProject
Global
	GlobalSection(SolutionConfigurationPlatforms) = preSolution
		Debug|Any CPU = Debug|Any CPU
		Release|Any CPU = Release|Any CPU
	EndGlobalSection
	GlobalSection(ProjectConfigurationPlatforms) = postSolution
		{A29D7CEB-F35F-078C-9DB7-0DAE6BF4F4F4}.Debug|Any CPU.ActiveCfg = Debug|Any CPU
		{A29D7CEB-F35F-078C-9DB7-0DAE6BF4F4F4}.Debug|Any CPU.Build.0 = Debug|Any CPU
		{A29D7CEB-F35F-078C-9DB7-0DAE6BF4F4F4}.Release|Any CPU.ActiveCfg = Release|Any CPU
		{A29D7CEB-F35F-078C-9DB7-0DAE6BF4F4F4}.Release|Any CPU.Build.0 = Release|Any CPU
		{2DE480E8-CD0D-01B8-A61F-DC4C4E71420B}.Debug|Any CPU.ActiveCfg = Debug|Any CPU
		{2DE480E8-CD0D-01B8-A61F-DC4C4E71420B}.Debug|Any CPU.Build.0 = Debug|Any CPU
		{2DE480E8-CD0D-01B8-A61F-DC4C4E71420B}.Release|Any CPU.ActiveCfg = Release|Any CPU
		{2DE480E8-CD0D-01B8-A61F-DC4C4E71420B}.Release|Any CPU.Build.0 = Release|Any CPU
		{045529B9-0BE7-CB2A-1626-21746B049555}.Debug|Any CPU.ActiveCfg = Debug|Any CPU
		{045529B9-0BE7-CB2A-1626-21746B049555}.Debug|Any CPU.Build.0 = Debug|Any CPU
		{045529B9-0BE7-CB2A-1626-21746B049555}.Release|Any CPU.ActiveCfg = Release|Any CPU
		{045529B9-0BE7-CB2A-1626-21746B049555}.Release|Any CPU.Build.0 = Release|Any CPU
	EndGlobalSection
	GlobalSection(SolutionProperties) = preSolution
		HideSolutionNode = FALSE
	EndGlobalSection
EndGlobal
